{
  "nodes": {
    "fenix": {
      "inputs": {
        "nixpkgs": [
          "nixpkgs"
        ],
        "rust-analyzer-src": "rust-analyzer-src"
      },
      "locked": {
        "lastModified": 1750747360,
        "narHash": "sha256-0JEUva5TOJMLDHTUMY4uHQTqEC+esw5n61CfCilOynE=",
        "owner": "nix-community",
        "repo": "fenix",
        "rev": "1390245c00b82dc83e057701c8d01657c5077279",
        "type": "github"
      },
      "original": {
        "owner": "nix-community",
        "repo": "fenix",
        "type": "github"
      }
    },
    "nixpkgs": {
      "locked": {
        "lastModified": 1712388808,
        "narHash": "sha256-9ogU4c3vUmuMDoRlbQCeq3OKx0XJmgHcLZ4XywJNYWI=",
        "owner": "nixos",
        "repo": "nixpkgs",
        "rev": "fe4295b9ecd88764c1abf6179e03b1a828ca0e9a",
        "type": "github"
      },
      "original": {
        "owner": "nixos",
        "ref": "nixpkgs-unstable",
        "repo": "nixpkgs",
        "type": "github"
      }
    },
    "root": {
      "inputs": {
        "fenix": "fenix",
        "nixpkgs": "nixpkgs",
        "systems": "systems"
      }
    },
    "rust-analyzer-src": {
      "flake": false,
      "locked": {
        "lastModified": 1750703256,
        "narHash": "sha256-tTsX1kLWgeDtOSzahAW6WMkBY7ZjQeqdJ8pmqPyEGLo=",
        "owner": "rust-lang",
        "repo": "rust-analyzer",
        "rev": "96be3788a67552b6fde780061fac2889793eafe3",
        "type": "github"
      },
      "original": {
        "owner": "rust-lang",
        "ref": "nightly",
        "repo": "rust-analyzer",
        "type": "github"
      }
    },
    "systems": {
      "locked": {
        "lastModified": 1689347949,
        "narHash": "sha256-12tWmuL2zgBgZkdoB6qXZsgJEH9LR3oUgpaQq2RbI80=",
        "owner": "nix-systems",
        "repo": "default-linux",
        "rev": "31732fcf5e8fea42e59c2488ad31a0e651500f68",
        "type": "github"
      },
      "original": {
        "owner": "nix-systems",
        "repo": "default-linux",
        "type": "github"
      }
    }
  },
  "root": "root",
  "version": 7
}
